{
  "version": 4,
  "terraform_version": "1.5.5",
  "serial": 30,
  "lineage": "28d13a13-2dcc-245f-f1f4-b8442d5e428f",
  "outputs": {},
  "resources": [
    {
      "module": "module.gh_repo_validation_object",
      "mode": "managed",
      "type": "github_branch_protection",
      "name": "main",
      "provider": "module.gh_repo_validation_object.provider[\"registry.terraform.io/integrations/github\"]",
      "instances": [
        {
          "schema_version": 1,
          "attributes": {
            "allows_deletions": false,
            "allows_force_pushes": false,
            "blocks_creations": false,
            "enforce_admins": true,
            "force_push_bypassers": null,
            "id": "BPR_kwDOKGbJb84CadbQ",
            "lock_branch": false,
            "pattern": "main",
            "push_restrictions": null,
            "repository_id": "R_kgDOKGbJbw",
            "require_conversation_resolution": false,
            "require_signed_commits": true,
            "required_linear_history": true,
            "required_pull_request_reviews": [],
            "required_status_checks": []
          },
          "sensitive_attributes": [],
          "private": "eyJzY2hlbWFfdmVyc2lvbiI6IjEifQ==",
          "dependencies": [
            "module.gh_repo_validation_object.github_repository.repo"
          ]
        }
      ]
    },
    {
      "module": "module.gh_repo_validation_object",
      "mode": "managed",
      "type": "github_repository",
      "name": "repo",
      "provider": "module.gh_repo_validation_object.provider[\"registry.terraform.io/integrations/github\"]",
      "instances": [
        {
          "schema_version": 1,
          "attributes": {
            "allow_auto_merge": false,
            "allow_merge_commit": false,
            "allow_rebase_merge": false,
            "allow_squash_merge": true,
            "allow_update_branch": false,
            "archive_on_destroy": null,
            "archived": false,
            "auto_init": true,
            "default_branch": "main",
            "delete_branch_on_merge": true,
            "description": "A validation framework for objects",
            "etag": "W/\"548518980629d8e2ebd4a729fc46ac40d2af1df33b4b257e244ce3ce8b5658d8\"",
            "full_name": "tatethurston/validation-object",
            "git_clone_url": "git://github.com/tatethurston/validation-object.git",
            "gitignore_template": null,
            "has_discussions": true,
            "has_downloads": false,
            "has_issues": true,
            "has_projects": false,
            "has_wiki": false,
            "homepage_url": "",
            "html_url": "https://github.com/tatethurston/validation-object",
            "http_clone_url": "https://github.com/tatethurston/validation-object.git",
            "id": "validation-object",
            "ignore_vulnerability_alerts_during_read": null,
            "is_template": false,
            "license_template": null,
            "merge_commit_message": "PR_TITLE",
            "merge_commit_title": "MERGE_MESSAGE",
            "name": "validation-object",
            "node_id": "R_kgDOKGbJbw",
            "pages": [],
            "private": false,
            "repo_id": 677824879,
            "security_and_analysis": [
              {
                "advanced_security": [],
                "secret_scanning": [
                  {
                    "status": "disabled"
                  }
                ],
                "secret_scanning_push_protection": [
                  {
                    "status": "disabled"
                  }
                ]
              }
            ],
            "squash_merge_commit_message": "COMMIT_MESSAGES",
            "squash_merge_commit_title": "COMMIT_OR_PR_TITLE",
            "ssh_clone_url": "git@github.com:tatethurston/validation-object.git",
            "svn_url": "https://github.com/tatethurston/validation-object",
            "template": [
              {
                "include_all_branches": false,
                "owner": "tatethurston",
                "repository": "typescript-package-template"
              }
            ],
            "topics": null,
            "visibility": "public",
            "vulnerability_alerts": false
          },
          "sensitive_attributes": [],
          "private": "eyJzY2hlbWFfdmVyc2lvbiI6IjEifQ=="
        }
      ]
    }
  ],
  "check_results": null
}
